{
  "version": 4,
  "terraform_version": "1.15.6",
  "serial": 6,
  "lineage": "badfc47d-0678-7a66-4c87-7b3e744018b5",
  "outputs": {
    "container_name": {
      "value": "api-staging",
      "type": "string"
    },
    "staging_url": {
      "value": "http://localhost:8001",
      "type": "string"
    }
  },
  "resources": [
    {
      "mode": "managed",
      "type": "docker_image",
      "name": "api",
      "provider": "provider[\"registry.terraform.io/kreuzwerker/docker\"]",
      "instances": [
        {
          "schema_version": 0,
          "attributes": {
            "build": [],
            "force_remove": null,
            "id": "sha256:6765a8c7142565e4f41e6eed1b494aff637d363c1e8b33c5bc0c1340280fac9dmon-api:latest",
            "image_id": "sha256:6765a8c7142565e4f41e6eed1b494aff637d363c1e8b33c5bc0c1340280fac9d",
            "keep_locally": true,
            "name": "mon-api:latest",
            "platform": null,
            "pull_triggers": null,
            "repo_digest": "mon-api@sha256:6765a8c7142565e4f41e6eed1b494aff637d363c1e8b33c5bc0c1340280fac9d",
            "timeouts": null,
            "triggers": null
          },
          "sensitive_attributes": [],
          "identity_schema_version": 0,
          "private": "eyJlMmJmYjczMC1lY2FhLTExZTYtOGY4OC0zNDM2M2JjN2M0YzAiOnsiY3JlYXRlIjoxMjAwMDAwMDAwMDAwLCJkZWxldGUiOjEyMDAwMDAwMDAwMDAsInVwZGF0ZSI6MTIwMDAwMDAwMDAwMH19"
        }
      ]
    }
  ],
  "check_results": null
}
